
Microsoft Visual Studio Solution File, Format Version 12.00
Project("{FAE04EC0-301F-11D3-BF4B-00C04F79EFBC}") = "WebApplication2", "WebApplication2\WebApplication2.csproj", "{D584D22E-83E0-4FE5-AD04-79624EF1B095}"
EndProject
Global
	GlobalSection(SolutionConfigurationPlatforms) = preSolution
		Debug|Any CPU = Debug|Any CPU
		Release|Any CPU = Release|Any CPU
	EndGlobalSection
	GlobalSection(ProjectConfigurationPlatforms) = postSolution
		{D584D22E-83E0-4FE5-AD04-79624EF1B095}.Debug|Any CPU.ActiveCfg = Debug|Any CPU
		{D584D22E-83E0-4FE5-AD04-79624EF1B095}.Debug|Any CPU.Build.0 = Debug|Any CPU
		{D584D22E-83E0-4FE5-AD04-79624EF1B095}.Release|Any CPU.ActiveCfg = Release|Any CPU
		{D584D22E-83E0-4FE5-AD04-79624EF1B095}.Release|Any CPU.Build.0 = Release|Any CPU
	EndGlobalSection
EndGlobal
